[root]
name = "rust_noire"
version = "0.1.0"
dependencies = [
 "vulkano 0.6.2 (registry+https://github.com/rust-lang/crates.io-index)",
]

[[package]]
name = "crossbeam"
version = "0.3.0"
source = "registry+https://github.com/rust-lang/crates.io-index"

[[package]]
name = "fnv"
version = "1.0.5"
source = "registry+https://github.com/rust-lang/crates.io-index"

[[package]]
name = "half"
version = "1.0.1"
source = "registry+https://github.com/rust-lang/crates.io-index"

[[package]]
name = "lazy_static"
version = "0.2.8"
source = "registry+https://github.com/rust-lang/crates.io-index"

[[package]]
name = "libc"
version = "0.2.30"
source = "registry+https://github.com/rust-lang/crates.io-index"

[[package]]
name = "shared_library"
version = "0.1.7"
source = "registry+https://github.com/rust-lang/crates.io-index"
dependencies = [
 "lazy_static 0.2.8 (registry+https://github.com/rust-lang/crates.io-index)",
 "libc 0.2.30 (registry+https://github.com/rust-lang/crates.io-index)",
]

[[package]]
name = "smallvec"
version = "0.4.3"
source = "registry+https://github.com/rust-lang/crates.io-index"

[[package]]
name = "vk-sys"
version = "0.3.1"
source = "registry+https://github.com/rust-lang/crates.io-index"

[[package]]
name = "vulkano"
version = "0.6.2"
source = "registry+https://github.com/rust-lang/crates.io-index"
dependencies = [
 "crossbeam 0.3.0 (registry+https://github.com/rust-lang/crates.io-index)",
 "fnv 1.0.5 (registry+https://github.com/rust-lang/crates.io-index)",
 "half 1.0.1 (registry+https://github.com/rust-lang/crates.io-index)",
 "lazy_static 0.2.8 (registry+https://github.com/rust-lang/crates.io-index)",
 "shared_library 0.1.7 (registry+https://github.com/rust-lang/crates.io-index)",
 "smallvec 0.4.3 (registry+https://github.com/rust-lang/crates.io-index)",
 "vk-sys 0.3.1 (registry+https://github.com/rust-lang/crates.io-index)",
]

[metadata]
"checksum crossbeam 0.3.0 (registry+https://github.com/rust-lang/crates.io-index)" = "8837ab96533202c5b610ed44bc7f4183e7957c1c8f56e8cc78bb098593c8ba0a"
"checksum fnv 1.0.5 (registry+https://github.com/rust-lang/crates.io-index)" = "6cc484842f1e2884faf56f529f960cc12ad8c71ce96cc7abba0a067c98fee344"
"checksum half 1.0.1 (registry+https://github.com/rust-lang/crates.io-index)" = "3e8c68f037ac990d590887da5c017491c5af2aa493c1036ce486b06330a6622d"
"checksum lazy_static 0.2.8 (registry+https://github.com/rust-lang/crates.io-index)" = "3b37545ab726dd833ec6420aaba8231c5b320814b9029ad585555d2a03e94fbf"
"checksum libc 0.2.30 (registry+https://github.com/rust-lang/crates.io-index)" = "2370ca07ec338939e356443dac2296f581453c35fe1e3a3ed06023c49435f915"
"checksum shared_library 0.1.7 (registry+https://github.com/rust-lang/crates.io-index)" = "7822f9d0814224552cfd7e4ac72cd511740ccec0b811d1c0f9fa2a84c6509cee"
"checksum smallvec 0.4.3 (registry+https://github.com/rust-lang/crates.io-index)" = "8fcd03faf178110ab0334d74ca9631d77f94c8c11cc77fcb59538abf0025695d"
"checksum vk-sys 0.3.1 (registry+https://github.com/rust-lang/crates.io-index)" = "49731d969a9bfa20852d4f2e82fc354a3ebc7af37bb23c3c23fe420882b4807f"
"checksum vulkano 0.6.2 (registry+https://github.com/rust-lang/crates.io-index)" = "458ed615ea3b86e57b54032d863f42d0117adc0e16c7d254e1036054250a98be"
