[[package]]
name = "aho-corasick"
version = "0.6.3"
source = "registry+https://github.com/rust-lang/crates.io-index"
dependencies = [
 "memchr 1.0.1 (registry+https://github.com/rust-lang/crates.io-index)",
]

[[package]]
name = "approx"
version = "0.1.1"
source = "registry+https://github.com/rust-lang/crates.io-index"

[[package]]
name = "bitflags"
version = "0.4.0"
source = "registry+https://github.com/rust-lang/crates.io-index"

[[package]]
name = "bitflags"
version = "0.7.0"
source = "registry+https://github.com/rust-lang/crates.io-index"

[[package]]
name = "bitflags"
version = "0.9.1"
source = "registry+https://github.com/rust-lang/crates.io-index"

[[package]]
name = "bytes"
version = "0.3.0"
source = "registry+https://github.com/rust-lang/crates.io-index"

[[package]]
name = "cfg-if"
version = "0.1.2"
source = "registry+https://github.com/rust-lang/crates.io-index"

[[package]]
name = "cgmath"
version = "0.15.0"
source = "registry+https://github.com/rust-lang/crates.io-index"
dependencies = [
 "approx 0.1.1 (registry+https://github.com/rust-lang/crates.io-index)",
 "num-traits 0.1.40 (registry+https://github.com/rust-lang/crates.io-index)",
 "rand 0.3.16 (registry+https://github.com/rust-lang/crates.io-index)",
]

[[package]]
name = "cmake"
version = "0.1.25"
source = "registry+https://github.com/rust-lang/crates.io-index"
dependencies = [
 "gcc 0.3.54 (registry+https://github.com/rust-lang/crates.io-index)",
]

[[package]]
name = "conv"
version = "0.3.3"
source = "registry+https://github.com/rust-lang/crates.io-index"
dependencies = [
 "custom_derive 0.1.7 (registry+https://github.com/rust-lang/crates.io-index)",
]

[[package]]
name = "custom_derive"
version = "0.1.7"
source = "registry+https://github.com/rust-lang/crates.io-index"

[[package]]
name = "enum_primitive"
version = "0.1.1"
source = "registry+https://github.com/rust-lang/crates.io-index"
dependencies = [
 "num-traits 0.1.40 (registry+https://github.com/rust-lang/crates.io-index)",
]

[[package]]
name = "filetime"
version = "0.1.12"
source = "registry+https://github.com/rust-lang/crates.io-index"
dependencies = [
 "libc 0.2.30 (registry+https://github.com/rust-lang/crates.io-index)",
 "redox_syscall 0.1.31 (registry+https://github.com/rust-lang/crates.io-index)",
]

[[package]]
name = "fsevent"
version = "0.2.16"
source = "registry+https://github.com/rust-lang/crates.io-index"
dependencies = [
 "bitflags 0.7.0 (registry+https://github.com/rust-lang/crates.io-index)",
 "fsevent-sys 0.1.6 (registry+https://github.com/rust-lang/crates.io-index)",
 "libc 0.2.30 (registry+https://github.com/rust-lang/crates.io-index)",
]

[[package]]
name = "fsevent-sys"
version = "0.1.6"
source = "registry+https://github.com/rust-lang/crates.io-index"
dependencies = [
 "libc 0.2.30 (registry+https://github.com/rust-lang/crates.io-index)",
]

[[package]]
name = "gcc"
version = "0.3.54"
source = "registry+https://github.com/rust-lang/crates.io-index"

[[package]]
name = "gl"
version = "0.6.3"
source = "registry+https://github.com/rust-lang/crates.io-index"
dependencies = [
 "gl_generator 0.5.5 (registry+https://github.com/rust-lang/crates.io-index)",
]

[[package]]
name = "gl_generator"
version = "0.5.5"
source = "registry+https://github.com/rust-lang/crates.io-index"
dependencies = [
 "khronos_api 1.0.1 (registry+https://github.com/rust-lang/crates.io-index)",
 "log 0.3.8 (registry+https://github.com/rust-lang/crates.io-index)",
 "xml-rs 0.6.1 (registry+https://github.com/rust-lang/crates.io-index)",
]

[[package]]
name = "glfw"
version = "0.17.0"
source = "registry+https://github.com/rust-lang/crates.io-index"
dependencies = [
 "bitflags 0.9.1 (registry+https://github.com/rust-lang/crates.io-index)",
 "enum_primitive 0.1.1 (registry+https://github.com/rust-lang/crates.io-index)",
 "glfw-sys 3.2.2 (registry+https://github.com/rust-lang/crates.io-index)",
 "libc 0.2.30 (registry+https://github.com/rust-lang/crates.io-index)",
 "log 0.3.8 (registry+https://github.com/rust-lang/crates.io-index)",
 "num 0.1.40 (registry+https://github.com/rust-lang/crates.io-index)",
 "semver 0.2.3 (registry+https://github.com/rust-lang/crates.io-index)",
]

[[package]]
name = "glfw-sys"
version = "3.2.2"
source = "registry+https://github.com/rust-lang/crates.io-index"
dependencies = [
 "cmake 0.1.25 (registry+https://github.com/rust-lang/crates.io-index)",
]

[[package]]
name = "inotify"
version = "0.3.0"
source = "registry+https://github.com/rust-lang/crates.io-index"
dependencies = [
 "libc 0.2.30 (registry+https://github.com/rust-lang/crates.io-index)",
]

[[package]]
name = "kernel32-sys"
version = "0.2.2"
source = "registry+https://github.com/rust-lang/crates.io-index"
dependencies = [
 "winapi 0.2.8 (registry+https://github.com/rust-lang/crates.io-index)",
 "winapi-build 0.1.1 (registry+https://github.com/rust-lang/crates.io-index)",
]

[[package]]
name = "khronos_api"
version = "1.0.1"
source = "registry+https://github.com/rust-lang/crates.io-index"

[[package]]
name = "lazy_static"
version = "0.2.8"
source = "registry+https://github.com/rust-lang/crates.io-index"

[[package]]
name = "libc"
version = "0.2.30"
source = "registry+https://github.com/rust-lang/crates.io-index"

[[package]]
name = "log"
version = "0.3.8"
source = "registry+https://github.com/rust-lang/crates.io-index"

[[package]]
name = "magenta"
version = "0.1.1"
source = "registry+https://github.com/rust-lang/crates.io-index"
dependencies = [
 "conv 0.3.3 (registry+https://github.com/rust-lang/crates.io-index)",
 "magenta-sys 0.1.1 (registry+https://github.com/rust-lang/crates.io-index)",
]

[[package]]
name = "magenta-sys"
version = "0.1.1"
source = "registry+https://github.com/rust-lang/crates.io-index"
dependencies = [
 "bitflags 0.7.0 (registry+https://github.com/rust-lang/crates.io-index)",
]

[[package]]
name = "memchr"
version = "1.0.1"
source = "registry+https://github.com/rust-lang/crates.io-index"
dependencies = [
 "libc 0.2.30 (registry+https://github.com/rust-lang/crates.io-index)",
]

[[package]]
name = "mio"
version = "0.5.1"
source = "registry+https://github.com/rust-lang/crates.io-index"
dependencies = [
 "bytes 0.3.0 (registry+https://github.com/rust-lang/crates.io-index)",
 "libc 0.2.30 (registry+https://github.com/rust-lang/crates.io-index)",
 "log 0.3.8 (registry+https://github.com/rust-lang/crates.io-index)",
 "miow 0.1.5 (registry+https://github.com/rust-lang/crates.io-index)",
 "net2 0.2.31 (registry+https://github.com/rust-lang/crates.io-index)",
 "nix 0.5.1 (registry+https://github.com/rust-lang/crates.io-index)",
 "slab 0.1.3 (registry+https://github.com/rust-lang/crates.io-index)",
 "time 0.1.38 (registry+https://github.com/rust-lang/crates.io-index)",
 "winapi 0.2.8 (registry+https://github.com/rust-lang/crates.io-index)",
]

[[package]]
name = "miow"
version = "0.1.5"
source = "registry+https://github.com/rust-lang/crates.io-index"
dependencies = [
 "kernel32-sys 0.2.2 (registry+https://github.com/rust-lang/crates.io-index)",
 "net2 0.2.31 (registry+https://github.com/rust-lang/crates.io-index)",
 "winapi 0.2.8 (registry+https://github.com/rust-lang/crates.io-index)",
 "ws2_32-sys 0.2.1 (registry+https://github.com/rust-lang/crates.io-index)",
]

[[package]]
name = "net2"
version = "0.2.31"
source = "registry+https://github.com/rust-lang/crates.io-index"
dependencies = [
 "cfg-if 0.1.2 (registry+https://github.com/rust-lang/crates.io-index)",
 "kernel32-sys 0.2.2 (registry+https://github.com/rust-lang/crates.io-index)",
 "libc 0.2.30 (registry+https://github.com/rust-lang/crates.io-index)",
 "winapi 0.2.8 (registry+https://github.com/rust-lang/crates.io-index)",
 "ws2_32-sys 0.2.1 (registry+https://github.com/rust-lang/crates.io-index)",
]

[[package]]
name = "nix"
version = "0.5.1"
source = "registry+https://github.com/rust-lang/crates.io-index"
dependencies = [
 "bitflags 0.4.0 (registry+https://github.com/rust-lang/crates.io-index)",
 "libc 0.2.30 (registry+https://github.com/rust-lang/crates.io-index)",
]

[[package]]
name = "noire"
version = "0.1.0"
dependencies = [
 "cgmath 0.15.0 (registry+https://github.com/rust-lang/crates.io-index)",
 "gl 0.6.3 (registry+https://github.com/rust-lang/crates.io-index)",
 "glfw 0.17.0 (registry+https://github.com/rust-lang/crates.io-index)",
 "notify 4.0.1 (registry+https://github.com/rust-lang/crates.io-index)",
 "regex 0.2.2 (registry+https://github.com/rust-lang/crates.io-index)",
]

[[package]]
name = "nom"
version = "1.2.4"
source = "registry+https://github.com/rust-lang/crates.io-index"

[[package]]
name = "notify"
version = "4.0.1"
source = "registry+https://github.com/rust-lang/crates.io-index"
dependencies = [
 "bitflags 0.7.0 (registry+https://github.com/rust-lang/crates.io-index)",
 "filetime 0.1.12 (registry+https://github.com/rust-lang/crates.io-index)",
 "fsevent 0.2.16 (registry+https://github.com/rust-lang/crates.io-index)",
 "fsevent-sys 0.1.6 (registry+https://github.com/rust-lang/crates.io-index)",
 "inotify 0.3.0 (registry+https://github.com/rust-lang/crates.io-index)",
 "kernel32-sys 0.2.2 (registry+https://github.com/rust-lang/crates.io-index)",
 "libc 0.2.30 (registry+https://github.com/rust-lang/crates.io-index)",
 "mio 0.5.1 (registry+https://github.com/rust-lang/crates.io-index)",
 "walkdir 0.1.8 (registry+https://github.com/rust-lang/crates.io-index)",
 "winapi 0.2.8 (registry+https://github.com/rust-lang/crates.io-index)",
]

[[package]]
name = "num"
version = "0.1.40"
source = "registry+https://github.com/rust-lang/crates.io-index"
dependencies = [
 "num-bigint 0.1.40 (registry+https://github.com/rust-lang/crates.io-index)",
 "num-complex 0.1.40 (registry+https://github.com/rust-lang/crates.io-index)",
 "num-integer 0.1.35 (registry+https://github.com/rust-lang/crates.io-index)",
 "num-iter 0.1.34 (registry+https://github.com/rust-lang/crates.io-index)",
 "num-rational 0.1.39 (registry+https://github.com/rust-lang/crates.io-index)",
 "num-traits 0.1.40 (registry+https://github.com/rust-lang/crates.io-index)",
]

[[package]]
name = "num-bigint"
version = "0.1.40"
source = "registry+https://github.com/rust-lang/crates.io-index"
dependencies = [
 "num-integer 0.1.35 (registry+https://github.com/rust-lang/crates.io-index)",
 "num-traits 0.1.40 (registry+https://github.com/rust-lang/crates.io-index)",
 "rand 0.3.16 (registry+https://github.com/rust-lang/crates.io-index)",
 "rustc-serialize 0.3.24 (registry+https://github.com/rust-lang/crates.io-index)",
]

[[package]]
name = "num-complex"
version = "0.1.40"
source = "registry+https://github.com/rust-lang/crates.io-index"
dependencies = [
 "num-traits 0.1.40 (registry+https://github.com/rust-lang/crates.io-index)",
 "rustc-serialize 0.3.24 (registry+https://github.com/rust-lang/crates.io-index)",
]

[[package]]
name = "num-integer"
version = "0.1.35"
source = "registry+https://github.com/rust-lang/crates.io-index"
dependencies = [
 "num-traits 0.1.40 (registry+https://github.com/rust-lang/crates.io-index)",
]

[[package]]
name = "num-iter"
version = "0.1.34"
source = "registry+https://github.com/rust-lang/crates.io-index"
dependencies = [
 "num-integer 0.1.35 (registry+https://github.com/rust-lang/crates.io-index)",
 "num-traits 0.1.40 (registry+https://github.com/rust-lang/crates.io-index)",
]

[[package]]
name = "num-rational"
version = "0.1.39"
source = "registry+https://github.com/rust-lang/crates.io-index"
dependencies = [
 "num-bigint 0.1.40 (registry+https://github.com/rust-lang/crates.io-index)",
 "num-integer 0.1.35 (registry+https://github.com/rust-lang/crates.io-index)",
 "num-traits 0.1.40 (registry+https://github.com/rust-lang/crates.io-index)",
 "rustc-serialize 0.3.24 (registry+https://github.com/rust-lang/crates.io-index)",
]

[[package]]
name = "num-traits"
version = "0.1.40"
source = "registry+https://github.com/rust-lang/crates.io-index"

[[package]]
name = "rand"
version = "0.3.16"
source = "registry+https://github.com/rust-lang/crates.io-index"
dependencies = [
 "libc 0.2.30 (registry+https://github.com/rust-lang/crates.io-index)",
 "magenta 0.1.1 (registry+https://github.com/rust-lang/crates.io-index)",
]

[[package]]
name = "redox_syscall"
version = "0.1.31"
source = "registry+https://github.com/rust-lang/crates.io-index"

[[package]]
name = "regex"
version = "0.2.2"
source = "registry+https://github.com/rust-lang/crates.io-index"
dependencies = [
 "aho-corasick 0.6.3 (registry+https://github.com/rust-lang/crates.io-index)",
 "memchr 1.0.1 (registry+https://github.com/rust-lang/crates.io-index)",
 "regex-syntax 0.4.1 (registry+https://github.com/rust-lang/crates.io-index)",
 "thread_local 0.3.4 (registry+https://github.com/rust-lang/crates.io-index)",
 "utf8-ranges 1.0.0 (registry+https://github.com/rust-lang/crates.io-index)",
]

[[package]]
name = "regex-syntax"
version = "0.4.1"
source = "registry+https://github.com/rust-lang/crates.io-index"

[[package]]
name = "rustc-serialize"
version = "0.3.24"
source = "registry+https://github.com/rust-lang/crates.io-index"

[[package]]
name = "semver"
version = "0.2.3"
source = "registry+https://github.com/rust-lang/crates.io-index"
dependencies = [
 "nom 1.2.4 (registry+https://github.com/rust-lang/crates.io-index)",
]

[[package]]
name = "slab"
version = "0.1.3"
source = "registry+https://github.com/rust-lang/crates.io-index"

[[package]]
name = "thread_local"
version = "0.3.4"
source = "registry+https://github.com/rust-lang/crates.io-index"
dependencies = [
 "lazy_static 0.2.8 (registry+https://github.com/rust-lang/crates.io-index)",
 "unreachable 1.0.0 (registry+https://github.com/rust-lang/crates.io-index)",
]

[[package]]
name = "time"
version = "0.1.38"
source = "registry+https://github.com/rust-lang/crates.io-index"
dependencies = [
 "kernel32-sys 0.2.2 (registry+https://github.com/rust-lang/crates.io-index)",
 "libc 0.2.30 (registry+https://github.com/rust-lang/crates.io-index)",
 "redox_syscall 0.1.31 (registry+https://github.com/rust-lang/crates.io-index)",
 "winapi 0.2.8 (registry+https://github.com/rust-lang/crates.io-index)",
]

[[package]]
name = "unreachable"
version = "1.0.0"
source = "registry+https://github.com/rust-lang/crates.io-index"
dependencies = [
 "void 1.0.2 (registry+https://github.com/rust-lang/crates.io-index)",
]

[[package]]
name = "utf8-ranges"
version = "1.0.0"
source = "registry+https://github.com/rust-lang/crates.io-index"

[[package]]
name = "void"
version = "1.0.2"
source = "registry+https://github.com/rust-lang/crates.io-index"

[[package]]
name = "walkdir"
version = "0.1.8"
source = "registry+https://github.com/rust-lang/crates.io-index"
dependencies = [
 "kernel32-sys 0.2.2 (registry+https://github.com/rust-lang/crates.io-index)",
 "winapi 0.2.8 (registry+https://github.com/rust-lang/crates.io-index)",
]

[[package]]
name = "winapi"
version = "0.2.8"
source = "registry+https://github.com/rust-lang/crates.io-index"

[[package]]
name = "winapi-build"
version = "0.1.1"
source = "registry+https://github.com/rust-lang/crates.io-index"

[[package]]
name = "ws2_32-sys"
version = "0.2.1"
source = "registry+https://github.com/rust-lang/crates.io-index"
dependencies = [
 "winapi 0.2.8 (registry+https://github.com/rust-lang/crates.io-index)",
 "winapi-build 0.1.1 (registry+https://github.com/rust-lang/crates.io-index)",
]

[[package]]
name = "xml-rs"
version = "0.6.1"
source = "registry+https://github.com/rust-lang/crates.io-index"
dependencies = [
 "bitflags 0.9.1 (registry+https://github.com/rust-lang/crates.io-index)",
]

[metadata]
"checksum aho-corasick 0.6.3 (registry+https://github.com/rust-lang/crates.io-index)" = "500909c4f87a9e52355b26626d890833e9e1d53ac566db76c36faa984b889699"
"checksum approx 0.1.1 (registry+https://github.com/rust-lang/crates.io-index)" = "08abcc3b4e9339e33a3d0a5ed15d84a687350c05689d825e0f6655eef9e76a94"
"checksum bitflags 0.4.0 (registry+https://github.com/rust-lang/crates.io-index)" = "8dead7461c1127cf637931a1e50934eb6eee8bff2f74433ac7909e9afcee04a3"
"checksum bitflags 0.7.0 (registry+https://github.com/rust-lang/crates.io-index)" = "aad18937a628ec6abcd26d1489012cc0e18c21798210f491af69ded9b881106d"
"checksum bitflags 0.9.1 (registry+https://github.com/rust-lang/crates.io-index)" = "4efd02e230a02e18f92fc2735f44597385ed02ad8f831e7c1c1156ee5e1ab3a5"
"checksum bytes 0.3.0 (registry+https://github.com/rust-lang/crates.io-index)" = "c129aff112dcc562970abb69e2508b40850dd24c274761bb50fb8a0067ba6c27"
"checksum cfg-if 0.1.2 (registry+https://github.com/rust-lang/crates.io-index)" = "d4c819a1287eb618df47cc647173c5c4c66ba19d888a6e50d605672aed3140de"
"checksum cgmath 0.15.0 (registry+https://github.com/rust-lang/crates.io-index)" = "d2372c02a7cfabf871ec42ecc968406a7b5916bcfd51defc6a0498fcb19fa2e5"
"checksum cmake 0.1.25 (registry+https://github.com/rust-lang/crates.io-index)" = "0c8a6541a55bcd72d3de4faee2d101a5a66df29790282c7f797082a7228a9b3d"
"checksum conv 0.3.3 (registry+https://github.com/rust-lang/crates.io-index)" = "78ff10625fd0ac447827aa30ea8b861fead473bb60aeb73af6c1c58caf0d1299"
"checksum custom_derive 0.1.7 (registry+https://github.com/rust-lang/crates.io-index)" = "ef8ae57c4978a2acd8b869ce6b9ca1dfe817bff704c220209fdef2c0b75a01b9"
"checksum enum_primitive 0.1.1 (registry+https://github.com/rust-lang/crates.io-index)" = "be4551092f4d519593039259a9ed8daedf0da12e5109c5280338073eaeb81180"
"checksum filetime 0.1.12 (registry+https://github.com/rust-lang/crates.io-index)" = "6ab199bf38537c6f38792669e081e0bb278b9b7405bba2642e4e5d15bf732c0e"
"checksum fsevent 0.2.16 (registry+https://github.com/rust-lang/crates.io-index)" = "dfe593ebcfc76884138b25426999890b10da8e6a46d01b499d7c54c604672c38"
"checksum fsevent-sys 0.1.6 (registry+https://github.com/rust-lang/crates.io-index)" = "1a772d36c338d07a032d5375a36f15f9a7043bf0cb8ce7cee658e037c6032874"
"checksum gcc 0.3.54 (registry+https://github.com/rust-lang/crates.io-index)" = "5e33ec290da0d127825013597dbdfc28bee4964690c7ce1166cbc2a7bd08b1bb"
"checksum gl 0.6.3 (registry+https://github.com/rust-lang/crates.io-index)" = "97543cffb3e39377ecb7156651d906f8284f459a460aef973936412364a4202b"
"checksum gl_generator 0.5.5 (registry+https://github.com/rust-lang/crates.io-index)" = "e7acbf2ba3d52e9e1ad96a84362129e9c1aa0af55ebfc86a91004e1b83eca61c"
"checksum glfw 0.17.0 (registry+https://github.com/rust-lang/crates.io-index)" = "a341b1a61e66cb47c1a37892cd7732724e0f98cf26708d6124a559116b8235e6"
"checksum glfw-sys 3.2.2 (registry+https://github.com/rust-lang/crates.io-index)" = "f72bb86276679c5370276224546eef2dce99b23da2f364fd8b097c79db310b39"
"checksum inotify 0.3.0 (registry+https://github.com/rust-lang/crates.io-index)" = "887fcc180136e77a85e6a6128579a719027b1bab9b1c38ea4444244fe262c20c"
"checksum kernel32-sys 0.2.2 (registry+https://github.com/rust-lang/crates.io-index)" = "7507624b29483431c0ba2d82aece8ca6cdba9382bff4ddd0f7490560c056098d"
"checksum khronos_api 1.0.1 (registry+https://github.com/rust-lang/crates.io-index)" = "d5a08e2a31d665af8f1ca437eab6d00a93c9d62a549f73f9ed8fc2e55b5a91a7"
"checksum lazy_static 0.2.8 (registry+https://github.com/rust-lang/crates.io-index)" = "3b37545ab726dd833ec6420aaba8231c5b320814b9029ad585555d2a03e94fbf"
"checksum libc 0.2.30 (registry+https://github.com/rust-lang/crates.io-index)" = "2370ca07ec338939e356443dac2296f581453c35fe1e3a3ed06023c49435f915"
"checksum log 0.3.8 (registry+https://github.com/rust-lang/crates.io-index)" = "880f77541efa6e5cc74e76910c9884d9859683118839d6a1dc3b11e63512565b"
"checksum magenta 0.1.1 (registry+https://github.com/rust-lang/crates.io-index)" = "4bf0336886480e671965f794bc9b6fce88503563013d1bfb7a502c81fe3ac527"
"checksum magenta-sys 0.1.1 (registry+https://github.com/rust-lang/crates.io-index)" = "40d014c7011ac470ae28e2f76a02bfea4a8480f73e701353b49ad7a8d75f4699"
"checksum memchr 1.0.1 (registry+https://github.com/rust-lang/crates.io-index)" = "1dbccc0e46f1ea47b9f17e6d67c5a96bd27030519c519c9c91327e31275a47b4"
"checksum mio 0.5.1 (registry+https://github.com/rust-lang/crates.io-index)" = "a637d1ca14eacae06296a008fa7ad955347e34efcb5891cfd8ba05491a37907e"
"checksum miow 0.1.5 (registry+https://github.com/rust-lang/crates.io-index)" = "3e690c5df6b2f60acd45d56378981e827ff8295562fc8d34f573deb267a59cd1"
"checksum net2 0.2.31 (registry+https://github.com/rust-lang/crates.io-index)" = "3a80f842784ef6c9a958b68b7516bc7e35883c614004dd94959a4dca1b716c09"
"checksum nix 0.5.1 (registry+https://github.com/rust-lang/crates.io-index)" = "bfb3ddedaa14746434a02041940495bf11325c22f6d36125d3bdd56090d50a79"
"checksum nom 1.2.4 (registry+https://github.com/rust-lang/crates.io-index)" = "a5b8c256fd9471521bcb84c3cdba98921497f1a331cbc15b8030fc63b82050ce"
"checksum notify 4.0.1 (registry+https://github.com/rust-lang/crates.io-index)" = "298d4401ff2c6cebb7f8944c90288647c89ce59029d43b439444cf1067df55e1"
"checksum num 0.1.40 (registry+https://github.com/rust-lang/crates.io-index)" = "a311b77ebdc5dd4cf6449d81e4135d9f0e3b153839ac90e648a8ef538f923525"
"checksum num-bigint 0.1.40 (registry+https://github.com/rust-lang/crates.io-index)" = "8fd0f8dbb4c0960998958a796281d88c16fbe68d87b1baa6f31e2979e81fd0bd"
"checksum num-complex 0.1.40 (registry+https://github.com/rust-lang/crates.io-index)" = "503e668405c5492d67cf662a81e05be40efe2e6bcf10f7794a07bd9865e704e6"
"checksum num-integer 0.1.35 (registry+https://github.com/rust-lang/crates.io-index)" = "d1452e8b06e448a07f0e6ebb0bb1d92b8890eea63288c0b627331d53514d0fba"
"checksum num-iter 0.1.34 (registry+https://github.com/rust-lang/crates.io-index)" = "7485fcc84f85b4ecd0ea527b14189281cf27d60e583ae65ebc9c088b13dffe01"
"checksum num-rational 0.1.39 (registry+https://github.com/rust-lang/crates.io-index)" = "288629c76fac4b33556f4b7ab57ba21ae202da65ba8b77466e6d598e31990790"
"checksum num-traits 0.1.40 (registry+https://github.com/rust-lang/crates.io-index)" = "99843c856d68d8b4313b03a17e33c4bb42ae8f6610ea81b28abe076ac721b9b0"
"checksum rand 0.3.16 (registry+https://github.com/rust-lang/crates.io-index)" = "eb250fd207a4729c976794d03db689c9be1d634ab5a1c9da9492a13d8fecbcdf"
"checksum redox_syscall 0.1.31 (registry+https://github.com/rust-lang/crates.io-index)" = "8dde11f18c108289bef24469638a04dce49da56084f2d50618b226e47eb04509"
"checksum regex 0.2.2 (registry+https://github.com/rust-lang/crates.io-index)" = "1731164734096285ec2a5ec7fea5248ae2f5485b3feeb0115af4fda2183b2d1b"
"checksum regex-syntax 0.4.1 (registry+https://github.com/rust-lang/crates.io-index)" = "ad890a5eef7953f55427c50575c680c42841653abd2b028b68cd223d157f62db"
"checksum rustc-serialize 0.3.24 (registry+https://github.com/rust-lang/crates.io-index)" = "dcf128d1287d2ea9d80910b5f1120d0b8eede3fbf1abe91c40d39ea7d51e6fda"
"checksum semver 0.2.3 (registry+https://github.com/rust-lang/crates.io-index)" = "2d5b7638a1f03815d94e88cb3b3c08e87f0db4d683ef499d1836aaf70a45623f"
"checksum slab 0.1.3 (registry+https://github.com/rust-lang/crates.io-index)" = "d807fd58c4181bbabed77cb3b891ba9748241a552bcc5be698faaebefc54f46e"
"checksum thread_local 0.3.4 (registry+https://github.com/rust-lang/crates.io-index)" = "1697c4b57aeeb7a536b647165a2825faddffb1d3bad386d507709bd51a90bb14"
"checksum time 0.1.38 (registry+https://github.com/rust-lang/crates.io-index)" = "d5d788d3aa77bc0ef3e9621256885555368b47bd495c13dd2e7413c89f845520"
"checksum unreachable 1.0.0 (registry+https://github.com/rust-lang/crates.io-index)" = "382810877fe448991dfc7f0dd6e3ae5d58088fd0ea5e35189655f84e6814fa56"
"checksum utf8-ranges 1.0.0 (registry+https://github.com/rust-lang/crates.io-index)" = "662fab6525a98beff2921d7f61a39e7d59e0b425ebc7d0d9e66d316e55124122"
"checksum void 1.0.2 (registry+https://github.com/rust-lang/crates.io-index)" = "6a02e4885ed3bc0f2de90ea6dd45ebcbb66dacffe03547fadbb0eeae2770887d"
"checksum walkdir 0.1.8 (registry+https://github.com/rust-lang/crates.io-index)" = "c66c0b9792f0a765345452775f3adbd28dde9d33f30d13e5dcc5ae17cf6f3780"
"checksum winapi 0.2.8 (registry+https://github.com/rust-lang/crates.io-index)" = "167dc9d6949a9b857f3451275e911c3f44255842c1f7a76f33c55103a909087a"
"checksum winapi-build 0.1.1 (registry+https://github.com/rust-lang/crates.io-index)" = "2d315eee3b34aca4797b2da6b13ed88266e6d612562a0c46390af8299fc699bc"
"checksum ws2_32-sys 0.2.1 (registry+https://github.com/rust-lang/crates.io-index)" = "d59cefebd0c892fa2dd6de581e937301d8552cb44489cdff035c6187cb63fa5e"
"checksum xml-rs 0.6.1 (registry+https://github.com/rust-lang/crates.io-index)" = "e1945e12e16b951721d7976520b0832496ef79c31602c7a29d950de79ba74621"
